DEPENDENCIES
  parkmap
    git: git@github.com:parkmap-h/parkmap-cookbook.git
    revision: b5e150533ec94436c79c94d26a22cb610901b7f4

GRAPH
  7-zip (1.0.2)
    windows (>= 1.2.2)
  apt (2.7.0)
  ark (0.9.0)
    7-zip (>= 0.0.0)
    windows (>= 0.0.0)
  bluepill (2.3.1)
    rsyslog (>= 0.0.0)
  build-essential (2.2.2)
  chef-sugar (3.1.0)
  chef_handler (1.1.6)
  database (4.0.3)
    postgresql (>= 1.0.0)
  dmg (2.2.2)
  git (4.1.0)
    build-essential (>= 0.0.0)
    dmg (>= 0.0.0)
    runit (>= 1.0)
    windows (>= 0.0.0)
    yum (~> 3.0)
    yum-epel (>= 0.0.0)
  homebrew (1.12.0)
    build-essential (>= 2.1.2)
  nginx (2.7.6)
    apt (~> 2.2)
    bluepill (~> 2.3)
    build-essential (~> 2.0)
    ohai (~> 2.0)
    runit (~> 1.2)
    yum-epel (~> 0.3)
  nodejs (2.4.0)
    apt (>= 0.0.0)
    ark (>= 0.0.0)
    build-essential (>= 0.0.0)
    homebrew (>= 0.0.0)
    yum-epel (>= 0.0.0)
  ohai (2.0.1)
  openssl (4.0.0)
    chef-sugar (>= 0.0.0)
  parkmap (0.1.0)
    build-essential (>= 0.0.0)
    database (>= 0.0.0)
    git (>= 0.0.0)
    nginx (>= 0.0.0)
    nodejs (>= 0.0.0)
    postgresql (>= 0.0.0)
    rbenv (~> 1.7.1)
    xml (>= 0.0.0)
  postgresql (3.4.18)
    apt (>= 1.9.0)
    build-essential (>= 0.0.0)
    openssl (~> 4.0.0)
  rbenv (1.7.1)
    apt (>= 0.0.0)
    build-essential (>= 0.0.0)
    git (>= 0.0.0)
    ohai (>= 1.1)
  rsyslog (1.15.0)
  runit (1.5.18)
    build-essential (>= 0.0.0)
    yum (~> 3.0)
    yum-epel (>= 0.0.0)
  windows (1.36.6)
    chef_handler (>= 0.0.0)
  xml (1.2.13)
    build-essential (>= 0.0.0)
    chef-sugar (>= 0.0.0)
  yum (3.5.3)
  yum-epel (0.6.0)
    yum (~> 3.0)
